{
  "name": "prueba-saludar-lib",
  "version": "1.0.0",
  "lockfileVersion": 3,
  "requires": true,
  "packages": {
    "": {
      "name": "prueba-saludar-lib",
      "version": "1.0.0",
      "license": "MIT",
      "dependencies": {
        "saludar-lib": "^1.0.0"
      }
    },
    "node_modules/saludar-lib": {
      "version": "1.0.0",
      "resolved": "https://registry.npmjs.org/saludar-lib/-/saludar-lib-1.0.0.tgz",
      "integrity": "sha512-hppQDuMNycFffJPVq/Qsa8h00CBLlj+MoD0TLMjNCFNpQRK1YGk04EbEwcPDXdx1qHTicJnQL5i2B40EZNad/g==",
      "license": "MIT"
    }
  }
}
